
Microsoft Visual Studio Solution File, Format Version 12.00
# Visual Studio Version 17
VisualStudioVersion = 17.5.33627.172
MinimumVisualStudioVersion = 10.0.40219.1
Project("{2150E333-8FDC-42A3-9474-1A3956D46DE8}") = "Documentations", "Documentations", "{5CD093E0-5F29-4009-AB3D-DF9ED7294BFA}"
	ProjectSection(SolutionItems) = preProject
		Basics.txt = Basics.txt
		ChangeViewModelLocatorConvention.txt = ChangeViewModelLocatorConvention.txt
		CustomViewModelRegistration.txt = CustomViewModelRegistration.txt
		HowToCreateCustomRegionAdapters.txt = HowToCreateCustomRegionAdapters.txt
		HowToCreatePrismApp.txt = HowToCreatePrismApp.txt
		IEventAggregator.txt = IEventAggregator.txt
		PrismModule.txt = PrismModule.txt
		Regions.txt = Regions.txt
		ViewDiscovery.txt = ViewDiscovery.txt
		ViewInjection.txt = ViewInjection.txt
		What is shell.txt = What is shell.txt
		What'sInPrismTemplatePack.txt = What'sInPrismTemplatePack.txt
	EndProjectSection
EndProject
Project("{9A19103F-16F7-4668-BE54-9A1E7A4F7556}") = "PrismDemo", "PrismDemo\PrismDemo.csproj", "{F8A72BB1-B946-40B1-B5AE-9A1D27B03FDA}"
EndProject
Project("{9A19103F-16F7-4668-BE54-9A1E7A4F7556}") = "ModuleA", "ModuleA\ModuleA.csproj", "{900DEE73-AC93-41D8-9EAD-3C8FA55BE9E8}"
EndProject
Project("{9A19103F-16F7-4668-BE54-9A1E7A4F7556}") = "CustomViewModelLocator", "CustomViewModelLocator\CustomViewModelLocator.csproj", "{9AE0DD64-2964-46DE-A883-20506F194CD7}"
EndProject
Project("{9A19103F-16F7-4668-BE54-9A1E7A4F7556}") = "CompositeCommand", "CompositeCommand\CompositeCommand.csproj", "{6E08BC53-622F-4C00-B633-6F589D47D01A}"
EndProject
Project("{9A19103F-16F7-4668-BE54-9A1E7A4F7556}") = "CompositeCommandModule", "CompositeCommandModule\CompositeCommandModule.csproj", "{B2AEA989-9E78-478D-98FD-64B820BF1A8E}"
EndProject
Project("{9A19103F-16F7-4668-BE54-9A1E7A4F7556}") = "CompositeCommands.Core", "CompositeCommand.Core\CompositeCommands.Core.csproj", "{0042FF79-0DB3-4096-969A-FCB7CADFCCEE}"
EndProject
Global
	GlobalSection(SolutionConfigurationPlatforms) = preSolution
		Debug|Any CPU = Debug|Any CPU
		Release|Any CPU = Release|Any CPU
	EndGlobalSection
	GlobalSection(ProjectConfigurationPlatforms) = postSolution
		{F8A72BB1-B946-40B1-B5AE-9A1D27B03FDA}.Debug|Any CPU.ActiveCfg = Debug|Any CPU
		{F8A72BB1-B946-40B1-B5AE-9A1D27B03FDA}.Debug|Any CPU.Build.0 = Debug|Any CPU
		{F8A72BB1-B946-40B1-B5AE-9A1D27B03FDA}.Release|Any CPU.ActiveCfg = Release|Any CPU
		{F8A72BB1-B946-40B1-B5AE-9A1D27B03FDA}.Release|Any CPU.Build.0 = Release|Any CPU
		{900DEE73-AC93-41D8-9EAD-3C8FA55BE9E8}.Debug|Any CPU.ActiveCfg = Debug|Any CPU
		{900DEE73-AC93-41D8-9EAD-3C8FA55BE9E8}.Debug|Any CPU.Build.0 = Debug|Any CPU
		{900DEE73-AC93-41D8-9EAD-3C8FA55BE9E8}.Release|Any CPU.ActiveCfg = Release|Any CPU
		{900DEE73-AC93-41D8-9EAD-3C8FA55BE9E8}.Release|Any CPU.Build.0 = Release|Any CPU
		{9AE0DD64-2964-46DE-A883-20506F194CD7}.Debug|Any CPU.ActiveCfg = Debug|Any CPU
		{9AE0DD64-2964-46DE-A883-20506F194CD7}.Debug|Any CPU.Build.0 = Debug|Any CPU
		{9AE0DD64-2964-46DE-A883-20506F194CD7}.Release|Any CPU.ActiveCfg = Release|Any CPU
		{9AE0DD64-2964-46DE-A883-20506F194CD7}.Release|Any CPU.Build.0 = Release|Any CPU
		{6E08BC53-622F-4C00-B633-6F589D47D01A}.Debug|Any CPU.ActiveCfg = Debug|Any CPU
		{6E08BC53-622F-4C00-B633-6F589D47D01A}.Debug|Any CPU.Build.0 = Debug|Any CPU
		{6E08BC53-622F-4C00-B633-6F589D47D01A}.Release|Any CPU.ActiveCfg = Release|Any CPU
		{6E08BC53-622F-4C00-B633-6F589D47D01A}.Release|Any CPU.Build.0 = Release|Any CPU
		{B2AEA989-9E78-478D-98FD-64B820BF1A8E}.Debug|Any CPU.ActiveCfg = Debug|Any CPU
		{B2AEA989-9E78-478D-98FD-64B820BF1A8E}.Debug|Any CPU.Build.0 = Debug|Any CPU
		{B2AEA989-9E78-478D-98FD-64B820BF1A8E}.Release|Any CPU.ActiveCfg = Release|Any CPU
		{B2AEA989-9E78-478D-98FD-64B820BF1A8E}.Release|Any CPU.Build.0 = Release|Any CPU
		{0042FF79-0DB3-4096-969A-FCB7CADFCCEE}.Debug|Any CPU.ActiveCfg = Debug|Any CPU
		{0042FF79-0DB3-4096-969A-FCB7CADFCCEE}.Debug|Any CPU.Build.0 = Debug|Any CPU
		{0042FF79-0DB3-4096-969A-FCB7CADFCCEE}.Release|Any CPU.ActiveCfg = Release|Any CPU
		{0042FF79-0DB3-4096-969A-FCB7CADFCCEE}.Release|Any CPU.Build.0 = Release|Any CPU
	EndGlobalSection
	GlobalSection(SolutionProperties) = preSolution
		HideSolutionNode = FALSE
	EndGlobalSection
	GlobalSection(ExtensibilityGlobals) = postSolution
		SolutionGuid = {2AA37522-AC5E-4B41-8C77-A93830F9E59E}
	EndGlobalSection
EndGlobal
